
Microsoft Visual Studio Solution File, Format Version 12.00
# Visual Studio Version 16
VisualStudioVersion = 16.0.29609.76
MinimumVisualStudioVersion = 10.0.40219.1
Project("{9A19103F-16F7-4668-BE54-9A1E7A4F7556}") = "Ecommerce.Api.Products", "Ecommerce.Api.Products\Ecommerce.Api.Products.csproj", "{AAFFC450-BE25-414E-8F27-1193E5EBBFA2}"
EndProject
Project("{9A19103F-16F7-4668-BE54-9A1E7A4F7556}") = "Ecommerce.Api.Customers", "Ecommerce.Api.Customers\Ecommerce.Api.Customers.csproj", "{2511DADB-2234-46D0-8DF8-B9ED2CA0E6E3}"
EndProject
Project("{9A19103F-16F7-4668-BE54-9A1E7A4F7556}") = "Ecommerce.Api.Orders", "Ecommerce.Api.Orders\Ecommerce.Api.Orders.csproj", "{09BE8499-221C-4EA7-A186-EAC707EEC8DC}"
EndProject
Project("{9A19103F-16F7-4668-BE54-9A1E7A4F7556}") = "Ecommerce.Api.Search", "Ecommerce.Api.Search\Ecommerce.Api.Search.csproj", "{2A192235-61C4-4C97-AF99-892742042D4B}"
EndProject
Project("{9A19103F-16F7-4668-BE54-9A1E7A4F7556}") = "Ecommerce.Api.Products.Tests", "Ecommerce.Api.Products.Tests\Ecommerce.Api.Products.Tests.csproj", "{589B3EEE-4C83-4813-A661-7C47232F49A7}"
EndProject
Project("{E53339B2-1760-4266-BCC7-CA923CBCF16C}") = "docker-compose", "docker-compose.dcproj", "{00F133CC-7D4E-49B2-9991-66EBED537D71}"
EndProject
Global
	GlobalSection(SolutionConfigurationPlatforms) = preSolution
		Debug|Any CPU = Debug|Any CPU
		Release|Any CPU = Release|Any CPU
	EndGlobalSection
	GlobalSection(ProjectConfigurationPlatforms) = postSolution
		{AAFFC450-BE25-414E-8F27-1193E5EBBFA2}.Debug|Any CPU.ActiveCfg = Debug|Any CPU
		{AAFFC450-BE25-414E-8F27-1193E5EBBFA2}.Debug|Any CPU.Build.0 = Debug|Any CPU
		{AAFFC450-BE25-414E-8F27-1193E5EBBFA2}.Release|Any CPU.ActiveCfg = Release|Any CPU
		{AAFFC450-BE25-414E-8F27-1193E5EBBFA2}.Release|Any CPU.Build.0 = Release|Any CPU
		{2511DADB-2234-46D0-8DF8-B9ED2CA0E6E3}.Debug|Any CPU.ActiveCfg = Debug|Any CPU
		{2511DADB-2234-46D0-8DF8-B9ED2CA0E6E3}.Debug|Any CPU.Build.0 = Debug|Any CPU
		{2511DADB-2234-46D0-8DF8-B9ED2CA0E6E3}.Release|Any CPU.ActiveCfg = Release|Any CPU
		{2511DADB-2234-46D0-8DF8-B9ED2CA0E6E3}.Release|Any CPU.Build.0 = Release|Any CPU
		{09BE8499-221C-4EA7-A186-EAC707EEC8DC}.Debug|Any CPU.ActiveCfg = Debug|Any CPU
		{09BE8499-221C-4EA7-A186-EAC707EEC8DC}.Debug|Any CPU.Build.0 = Debug|Any CPU
		{09BE8499-221C-4EA7-A186-EAC707EEC8DC}.Release|Any CPU.ActiveCfg = Release|Any CPU
		{09BE8499-221C-4EA7-A186-EAC707EEC8DC}.Release|Any CPU.Build.0 = Release|Any CPU
		{2A192235-61C4-4C97-AF99-892742042D4B}.Debug|Any CPU.ActiveCfg = Debug|Any CPU
		{2A192235-61C4-4C97-AF99-892742042D4B}.Debug|Any CPU.Build.0 = Debug|Any CPU
		{2A192235-61C4-4C97-AF99-892742042D4B}.Release|Any CPU.ActiveCfg = Release|Any CPU
		{2A192235-61C4-4C97-AF99-892742042D4B}.Release|Any CPU.Build.0 = Release|Any CPU
		{589B3EEE-4C83-4813-A661-7C47232F49A7}.Debug|Any CPU.ActiveCfg = Debug|Any CPU
		{589B3EEE-4C83-4813-A661-7C47232F49A7}.Debug|Any CPU.Build.0 = Debug|Any CPU
		{589B3EEE-4C83-4813-A661-7C47232F49A7}.Release|Any CPU.ActiveCfg = Release|Any CPU
		{589B3EEE-4C83-4813-A661-7C47232F49A7}.Release|Any CPU.Build.0 = Release|Any CPU
		{00F133CC-7D4E-49B2-9991-66EBED537D71}.Debug|Any CPU.ActiveCfg = Debug|Any CPU
		{00F133CC-7D4E-49B2-9991-66EBED537D71}.Debug|Any CPU.Build.0 = Debug|Any CPU
		{00F133CC-7D4E-49B2-9991-66EBED537D71}.Release|Any CPU.ActiveCfg = Release|Any CPU
		{00F133CC-7D4E-49B2-9991-66EBED537D71}.Release|Any CPU.Build.0 = Release|Any CPU
	EndGlobalSection
	GlobalSection(SolutionProperties) = preSolution
		HideSolutionNode = FALSE
	EndGlobalSection
	GlobalSection(ExtensibilityGlobals) = postSolution
		SolutionGuid = {757955A8-0D87-4BB8-99FB-8CFD6E91FC33}
	EndGlobalSection
EndGlobal
